github.com/cargomail-org/smtpd-grip v0.0.0-20230313102159-db2477f0ab9d h1:Fb7DtqRRZUYzx67BYu/RP9J1+e1dp9rCbjKf200wezI=
github.com/cargomail-org/smtpd-grip v0.0.0-20230313102159-db2477f0ab9d/go.mod h1:INhM2Ipf4MW7KLtqA3qEt6FFIu+OzcjAeX7etTWSSVs=
github.com/mhale/smtpd v0.8.0 h1:5JvdsehCg33PQrZBvFyDMMUDQmvbzVpZgKob7eYBJc0=
github.com/mhale/smtpd v0.8.0/go.mod h1:MQl+y2hwIEQCXtNhe5+55n0GZOjSmeqORDIXbqUL3x4=
